---
label: Images block
hide_body: true
fields:
- name: block
  type: text
  config:
    required: false
  label: Block
  hidden: true
  default: images
- name: heading
  type: text
  config:
    required: false
  label: Heading
- name: text
  type: textarea
  default: ''
  config:
    required: false
    wysiwyg: false
    schema:
      format: markdown
  label: Text
- name: background
  type: select
  default: default
  config:
    required: false
    options:
    - default
    - muted
    - primary
    - secondary
    source:
      type: simple
      section: 
      file: 
      path: 
  label: Background
- name: columns
  type: select
  default: '1'
  config:
    required: false
    options:
    - '1'
    - '2'
    - '3'
    source:
      type: simple
      section: 
      file: 
      path: 
  label: Columns
- name: images
  type: image_gallery
  config: {}
  label: Images
