---
label: Logos block
hide_body: true
fields:
- name: block
  type: text
  config:
    required: false
  label: Block
  hidden: true
  default: logos
- name: background
  type: select
  default: default
  config:
    required: false
    options:
    - default
    - muted
    source:
      type: simple
      section: 
      file: 
      path: 
  label: Background
- name: heading
  type: text
  config:
    required: false
  label: Heading
- name: text
  type: textarea
  default: ''
  config:
    required: false
    wysiwyg: false
    schema:
      format: markdown
  label: Text
- name: logos
  type: image_gallery
  config: {}
  label: Logos
- name: padding_top
  type: select
  default: default
  config:
    required: false
    options:
    - default
    - remove
    source:
      type: simple
      section: 
      file: 
      path: 
  label: Padding Top
